
Microsoft Visual Studio Solution File, Format Version 12.00
# Visual Studio Version 16
VisualStudioVersion = 16.0.31515.178
MinimumVisualStudioVersion = 10.0.40219.1
Project("{FAE04EC0-301F-11D3-BF4B-00C04F79EFBC}") = "practica", "practica\practica.csproj", "{DF0C9BBE-CF41-4C6F-91A6-BD0F7A841548}"
EndProject
Project("{FAE04EC0-301F-11D3-BF4B-00C04F79EFBC}") = "Practica_Segunda_Parte", "Practica_Segunda_Parte\Practica_Segunda_Parte.csproj", "{711B8E61-5C62-4AD7-B96E-C0BE9697375D}"
EndProject
Global
	GlobalSection(SolutionConfigurationPlatforms) = preSolution
		Debug|Any CPU = Debug|Any CPU
		Release|Any CPU = Release|Any CPU
	EndGlobalSection
	GlobalSection(ProjectConfigurationPlatforms) = postSolution
		{DF0C9BBE-CF41-4C6F-91A6-BD0F7A841548}.Debug|Any CPU.ActiveCfg = Debug|Any CPU
		{DF0C9BBE-CF41-4C6F-91A6-BD0F7A841548}.Debug|Any CPU.Build.0 = Debug|Any CPU
		{DF0C9BBE-CF41-4C6F-91A6-BD0F7A841548}.Release|Any CPU.ActiveCfg = Release|Any CPU
		{DF0C9BBE-CF41-4C6F-91A6-BD0F7A841548}.Release|Any CPU.Build.0 = Release|Any CPU
		{711B8E61-5C62-4AD7-B96E-C0BE9697375D}.Debug|Any CPU.ActiveCfg = Debug|Any CPU
		{711B8E61-5C62-4AD7-B96E-C0BE9697375D}.Debug|Any CPU.Build.0 = Debug|Any CPU
		{711B8E61-5C62-4AD7-B96E-C0BE9697375D}.Release|Any CPU.ActiveCfg = Release|Any CPU
		{711B8E61-5C62-4AD7-B96E-C0BE9697375D}.Release|Any CPU.Build.0 = Release|Any CPU
	EndGlobalSection
	GlobalSection(SolutionProperties) = preSolution
		HideSolutionNode = FALSE
	EndGlobalSection
	GlobalSection(ExtensibilityGlobals) = postSolution
		SolutionGuid = {A541A97F-5CC5-4D1D-8FA0-7C80DC701B4B}
	EndGlobalSection
EndGlobal
